
Microsoft Visual Studio Solution File, Format Version 12.00
# Visual Studio Version 17
VisualStudioVersion = 17.12.35527.113
MinimumVisualStudioVersion = 10.0.40219.1
Project("{FAE04EC0-301F-11D3-BF4B-00C04F79EFBC}") = "OrderProcessingSystem.Server", "OrderProcessingSystem\Server\OrderProcessingSystem.Server.csproj", "{6E05936A-AE7A-4999-87C0-EB502007D2D4}"
EndProject
Project("{FAE04EC0-301F-11D3-BF4B-00C04F79EFBC}") = "OrderProcessingSystem.Client", "OrderProcessingSystem\Client\OrderProcessingSystem.Client.csproj", "{54849D62-47CD-4E27-AAA3-5065321E4AF5}"
EndProject
Project("{FAE04EC0-301F-11D3-BF4B-00C04F79EFBC}") = "OrderProcessingSystem.Shared", "OrderProcessingSystem\Shared\OrderProcessingSystem.Shared.csproj", "{BC801B3C-96BD-407C-B942-675623A65B46}"
EndProject
Project("{FAE04EC0-301F-11D3-BF4B-00C04F79EFBC}") = "OrderProcessingSystemApplication", "OrderProcessingSystemApplication\OrderProcessingSystemApplication.csproj", "{CD4878C5-9AD8-436D-88FA-D28EF4C8FCC7}"
EndProject
Project("{FAE04EC0-301F-11D3-BF4B-00C04F79EFBC}") = "OrderProcessingSystemInfrastructure", "OrderProcessingSystemInfrastructure\OrderProcessingSystemInfrastructure.csproj", "{ED868F72-E83E-454A-8F97-A7EAB2C21757}"
EndProject
Project("{2150E333-8FDC-42A3-9474-1A3956D46DE8}") = "Solution Items", "Solution Items", "{47534065-36BF-4748-BEC5-A573A7B75013}"
	ProjectSection(SolutionItems) = preProject
		ReadMe.txt = ReadMe.txt
	EndProjectSection
EndProject
Project("{FAE04EC0-301F-11D3-BF4B-00C04F79EFBC}") = "OrderProcessingSystemBackEndTesting", "OrderProcessingSystemBackEndTesting\OrderProcessingSystemBackEndTesting.csproj", "{B831B841-921F-4B90-829D-A24532D31245}"
EndProject
Project("{FAE04EC0-301F-11D3-BF4B-00C04F79EFBC}") = "OrderProcessingSystemSeleniumTest", "OrderProcessingSystemSeleniumTest\OrderProcessingSystemSeleniumTest.csproj", "{07DB37B4-D470-4C35-816A-3C738B63E357}"
EndProject
Global
	GlobalSection(SolutionConfigurationPlatforms) = preSolution
		Debug|Any CPU = Debug|Any CPU
		Release|Any CPU = Release|Any CPU
	EndGlobalSection
	GlobalSection(ProjectConfigurationPlatforms) = postSolution
		{6E05936A-AE7A-4999-87C0-EB502007D2D4}.Debug|Any CPU.ActiveCfg = Debug|Any CPU
		{6E05936A-AE7A-4999-87C0-EB502007D2D4}.Debug|Any CPU.Build.0 = Debug|Any CPU
		{6E05936A-AE7A-4999-87C0-EB502007D2D4}.Release|Any CPU.ActiveCfg = Release|Any CPU
		{6E05936A-AE7A-4999-87C0-EB502007D2D4}.Release|Any CPU.Build.0 = Release|Any CPU
		{54849D62-47CD-4E27-AAA3-5065321E4AF5}.Debug|Any CPU.ActiveCfg = Debug|Any CPU
		{54849D62-47CD-4E27-AAA3-5065321E4AF5}.Debug|Any CPU.Build.0 = Debug|Any CPU
		{54849D62-47CD-4E27-AAA3-5065321E4AF5}.Release|Any CPU.ActiveCfg = Release|Any CPU
		{54849D62-47CD-4E27-AAA3-5065321E4AF5}.Release|Any CPU.Build.0 = Release|Any CPU
		{BC801B3C-96BD-407C-B942-675623A65B46}.Debug|Any CPU.ActiveCfg = Debug|Any CPU
		{BC801B3C-96BD-407C-B942-675623A65B46}.Debug|Any CPU.Build.0 = Debug|Any CPU
		{BC801B3C-96BD-407C-B942-675623A65B46}.Release|Any CPU.ActiveCfg = Release|Any CPU
		{BC801B3C-96BD-407C-B942-675623A65B46}.Release|Any CPU.Build.0 = Release|Any CPU
		{CD4878C5-9AD8-436D-88FA-D28EF4C8FCC7}.Debug|Any CPU.ActiveCfg = Debug|Any CPU
		{CD4878C5-9AD8-436D-88FA-D28EF4C8FCC7}.Debug|Any CPU.Build.0 = Debug|Any CPU
		{CD4878C5-9AD8-436D-88FA-D28EF4C8FCC7}.Release|Any CPU.ActiveCfg = Release|Any CPU
		{CD4878C5-9AD8-436D-88FA-D28EF4C8FCC7}.Release|Any CPU.Build.0 = Release|Any CPU
		{ED868F72-E83E-454A-8F97-A7EAB2C21757}.Debug|Any CPU.ActiveCfg = Debug|Any CPU
		{ED868F72-E83E-454A-8F97-A7EAB2C21757}.Debug|Any CPU.Build.0 = Debug|Any CPU
		{ED868F72-E83E-454A-8F97-A7EAB2C21757}.Release|Any CPU.ActiveCfg = Release|Any CPU
		{ED868F72-E83E-454A-8F97-A7EAB2C21757}.Release|Any CPU.Build.0 = Release|Any CPU
		{B831B841-921F-4B90-829D-A24532D31245}.Debug|Any CPU.ActiveCfg = Debug|Any CPU
		{B831B841-921F-4B90-829D-A24532D31245}.Debug|Any CPU.Build.0 = Debug|Any CPU
		{B831B841-921F-4B90-829D-A24532D31245}.Release|Any CPU.ActiveCfg = Release|Any CPU
		{B831B841-921F-4B90-829D-A24532D31245}.Release|Any CPU.Build.0 = Release|Any CPU
		{07DB37B4-D470-4C35-816A-3C738B63E357}.Debug|Any CPU.ActiveCfg = Debug|Any CPU
		{07DB37B4-D470-4C35-816A-3C738B63E357}.Debug|Any CPU.Build.0 = Debug|Any CPU
		{07DB37B4-D470-4C35-816A-3C738B63E357}.Release|Any CPU.ActiveCfg = Release|Any CPU
		{07DB37B4-D470-4C35-816A-3C738B63E357}.Release|Any CPU.Build.0 = Release|Any CPU
	EndGlobalSection
	GlobalSection(SolutionProperties) = preSolution
		HideSolutionNode = FALSE
	EndGlobalSection
EndGlobal
